
Microsoft Visual Studio Solution File, Format Version 12.00
# Visual Studio 15
VisualStudioVersion = 15.0.28307.779
MinimumVisualStudioVersion = 10.0.40219.1
Project("{FAE04EC0-301F-11D3-BF4B-00C04F79EFBC}") = "ScreenCapture.Android", "ScreenCapture\ScreenCapture.Android\ScreenCapture.Android.csproj", "{9EB18D19-560B-4A92-9B4F-1D48724C3E54}"
EndProject
Project("{FAE04EC0-301F-11D3-BF4B-00C04F79EFBC}") = "ScreenCapture.iOS", "ScreenCapture\ScreenCapture.iOS\ScreenCapture.iOS.csproj", "{3A06E658-1B3E-4687-AED8-B6F7F6D12B61}"
EndProject
Project("{FAE04EC0-301F-11D3-BF4B-00C04F79EFBC}") = "ScreenCapture", "ScreenCapture\ScreenCapture\ScreenCapture.csproj", "{43018928-E6D1-4E52-B536-E99A6CAC1C45}"
EndProject
Global
	GlobalSection(SolutionConfigurationPlatforms) = preSolution
		Ad-Hoc|Any CPU = Ad-Hoc|Any CPU
		Ad-Hoc|iPhone = Ad-Hoc|iPhone
		Ad-Hoc|iPhoneSimulator = Ad-Hoc|iPhoneSimulator
		AppStore|Any CPU = AppStore|Any CPU
		AppStore|iPhone = AppStore|iPhone
		AppStore|iPhoneSimulator = AppStore|iPhoneSimulator
		Debug|Any CPU = Debug|Any CPU
		Debug|iPhone = Debug|iPhone
		Debug|iPhoneSimulator = Debug|iPhoneSimulator
		Release|Any CPU = Release|Any CPU
		Release|iPhone = Release|iPhone
		Release|iPhoneSimulator = Release|iPhoneSimulator
	EndGlobalSection
	GlobalSection(ProjectConfigurationPlatforms) = postSolution
		{9EB18D19-560B-4A92-9B4F-1D48724C3E54}.Ad-Hoc|Any CPU.ActiveCfg = Release|Any CPU
		{9EB18D19-560B-4A92-9B4F-1D48724C3E54}.Ad-Hoc|Any CPU.Build.0 = Release|Any CPU
		{9EB18D19-560B-4A92-9B4F-1D48724C3E54}.Ad-Hoc|Any CPU.Deploy.0 = Release|Any CPU
		{9EB18D19-560B-4A92-9B4F-1D48724C3E54}.Ad-Hoc|iPhone.ActiveCfg = Release|Any CPU
		{9EB18D19-560B-4A92-9B4F-1D48724C3E54}.Ad-Hoc|iPhone.Build.0 = Release|Any CPU
		{9EB18D19-560B-4A92-9B4F-1D48724C3E54}.Ad-Hoc|iPhone.Deploy.0 = Release|Any CPU
		{9EB18D19-560B-4A92-9B4F-1D48724C3E54}.Ad-Hoc|iPhoneSimulator.ActiveCfg = Release|Any CPU
		{9EB18D19-560B-4A92-9B4F-1D48724C3E54}.Ad-Hoc|iPhoneSimulator.Build.0 = Release|Any CPU
		{9EB18D19-560B-4A92-9B4F-1D48724C3E54}.Ad-Hoc|iPhoneSimulator.Deploy.0 = Release|Any CPU
		{9EB18D19-560B-4A92-9B4F-1D48724C3E54}.AppStore|Any CPU.ActiveCfg = Release|Any CPU
		{9EB18D19-560B-4A92-9B4F-1D48724C3E54}.AppStore|Any CPU.Build.0 = Release|Any CPU
		{9EB18D19-560B-4A92-9B4F-1D48724C3E54}.AppStore|Any CPU.Deploy.0 = Release|Any CPU
		{9EB18D19-560B-4A92-9B4F-1D48724C3E54}.AppStore|iPhone.ActiveCfg = Release|Any CPU
		{9EB18D19-560B-4A92-9B4F-1D48724C3E54}.AppStore|iPhone.Build.0 = Release|Any CPU
		{9EB18D19-560B-4A92-9B4F-1D48724C3E54}.AppStore|iPhone.Deploy.0 = Release|Any CPU
		{9EB18D19-560B-4A92-9B4F-1D48724C3E54}.AppStore|iPhoneSimulator.ActiveCfg = Release|Any CPU
		{9EB18D19-560B-4A92-9B4F-1D48724C3E54}.AppStore|iPhoneSimulator.Build.0 = Release|Any CPU
		{9EB18D19-560B-4A92-9B4F-1D48724C3E54}.AppStore|iPhoneSimulator.Deploy.0 = Release|Any CPU
		{9EB18D19-560B-4A92-9B4F-1D48724C3E54}.Debug|Any CPU.ActiveCfg = Debug|Any CPU
		{9EB18D19-560B-4A92-9B4F-1D48724C3E54}.Debug|Any CPU.Build.0 = Debug|Any CPU
		{9EB18D19-560B-4A92-9B4F-1D48724C3E54}.Debug|Any CPU.Deploy.0 = Debug|Any CPU
		{9EB18D19-560B-4A92-9B4F-1D48724C3E54}.Debug|iPhone.ActiveCfg = Debug|Any CPU
		{9EB18D19-560B-4A92-9B4F-1D48724C3E54}.Debug|iPhone.Build.0 = Debug|Any CPU
		{9EB18D19-560B-4A92-9B4F-1D48724C3E54}.Debug|iPhone.Deploy.0 = Debug|Any CPU
		{9EB18D19-560B-4A92-9B4F-1D48724C3E54}.Debug|iPhoneSimulator.ActiveCfg = Debug|Any CPU
		{9EB18D19-560B-4A92-9B4F-1D48724C3E54}.Debug|iPhoneSimulator.Build.0 = Debug|Any CPU
		{9EB18D19-560B-4A92-9B4F-1D48724C3E54}.Debug|iPhoneSimulator.Deploy.0 = Debug|Any CPU
		{9EB18D19-560B-4A92-9B4F-1D48724C3E54}.Release|Any CPU.ActiveCfg = Release|Any CPU
		{9EB18D19-560B-4A92-9B4F-1D48724C3E54}.Release|Any CPU.Build.0 = Release|Any CPU
		{9EB18D19-560B-4A92-9B4F-1D48724C3E54}.Release|Any CPU.Deploy.0 = Release|Any CPU
		{9EB18D19-560B-4A92-9B4F-1D48724C3E54}.Release|iPhone.ActiveCfg = Release|Any CPU
		{9EB18D19-560B-4A92-9B4F-1D48724C3E54}.Release|iPhone.Build.0 = Release|Any CPU
		{9EB18D19-560B-4A92-9B4F-1D48724C3E54}.Release|iPhone.Deploy.0 = Release|Any CPU
		{9EB18D19-560B-4A92-9B4F-1D48724C3E54}.Release|iPhoneSimulator.ActiveCfg = Release|Any CPU
		{9EB18D19-560B-4A92-9B4F-1D48724C3E54}.Release|iPhoneSimulator.Build.0 = Release|Any CPU
		{9EB18D19-560B-4A92-9B4F-1D48724C3E54}.Release|iPhoneSimulator.Deploy.0 = Release|Any CPU
		{3A06E658-1B3E-4687-AED8-B6F7F6D12B61}.Ad-Hoc|Any CPU.ActiveCfg = Ad-Hoc|iPhone
		{3A06E658-1B3E-4687-AED8-B6F7F6D12B61}.Ad-Hoc|Any CPU.Build.0 = Ad-Hoc|iPhone
		{3A06E658-1B3E-4687-AED8-B6F7F6D12B61}.Ad-Hoc|Any CPU.Deploy.0 = Ad-Hoc|iPhone
		{3A06E658-1B3E-4687-AED8-B6F7F6D12B61}.Ad-Hoc|iPhone.ActiveCfg = Ad-Hoc|iPhone
		{3A06E658-1B3E-4687-AED8-B6F7F6D12B61}.Ad-Hoc|iPhone.Build.0 = Ad-Hoc|iPhone
		{3A06E658-1B3E-4687-AED8-B6F7F6D12B61}.Ad-Hoc|iPhone.Deploy.0 = Ad-Hoc|iPhone
		{3A06E658-1B3E-4687-AED8-B6F7F6D12B61}.Ad-Hoc|iPhoneSimulator.ActiveCfg = Ad-Hoc|iPhoneSimulator
		{3A06E658-1B3E-4687-AED8-B6F7F6D12B61}.Ad-Hoc|iPhoneSimulator.Build.0 = Ad-Hoc|iPhoneSimulator
		{3A06E658-1B3E-4687-AED8-B6F7F6D12B61}.Ad-Hoc|iPhoneSimulator.Deploy.0 = Ad-Hoc|iPhoneSimulator
		{3A06E658-1B3E-4687-AED8-B6F7F6D12B61}.AppStore|Any CPU.ActiveCfg = AppStore|iPhone
		{3A06E658-1B3E-4687-AED8-B6F7F6D12B61}.AppStore|Any CPU.Build.0 = AppStore|iPhone
		{3A06E658-1B3E-4687-AED8-B6F7F6D12B61}.AppStore|Any CPU.Deploy.0 = AppStore|iPhone
		{3A06E658-1B3E-4687-AED8-B6F7F6D12B61}.AppStore|iPhone.ActiveCfg = AppStore|iPhone
		{3A06E658-1B3E-4687-AED8-B6F7F6D12B61}.AppStore|iPhone.Build.0 = AppStore|iPhone
		{3A06E658-1B3E-4687-AED8-B6F7F6D12B61}.AppStore|iPhone.Deploy.0 = AppStore|iPhone
		{3A06E658-1B3E-4687-AED8-B6F7F6D12B61}.AppStore|iPhoneSimulator.ActiveCfg = AppStore|iPhoneSimulator
		{3A06E658-1B3E-4687-AED8-B6F7F6D12B61}.AppStore|iPhoneSimulator.Build.0 = AppStore|iPhoneSimulator
		{3A06E658-1B3E-4687-AED8-B6F7F6D12B61}.AppStore|iPhoneSimulator.Deploy.0 = AppStore|iPhoneSimulator
		{3A06E658-1B3E-4687-AED8-B6F7F6D12B61}.Debug|Any CPU.ActiveCfg = Debug|iPhoneSimulator
		{3A06E658-1B3E-4687-AED8-B6F7F6D12B61}.Debug|Any CPU.Build.0 = Debug|iPhoneSimulator
		{3A06E658-1B3E-4687-AED8-B6F7F6D12B61}.Debug|Any CPU.Deploy.0 = Debug|iPhoneSimulator
		{3A06E658-1B3E-4687-AED8-B6F7F6D12B61}.Debug|iPhone.ActiveCfg = Debug|iPhone
		{3A06E658-1B3E-4687-AED8-B6F7F6D12B61}.Debug|iPhone.Build.0 = Debug|iPhone
		{3A06E658-1B3E-4687-AED8-B6F7F6D12B61}.Debug|iPhone.Deploy.0 = Debug|iPhone
		{3A06E658-1B3E-4687-AED8-B6F7F6D12B61}.Debug|iPhoneSimulator.ActiveCfg = Debug|iPhoneSimulator
		{3A06E658-1B3E-4687-AED8-B6F7F6D12B61}.Debug|iPhoneSimulator.Build.0 = Debug|iPhoneSimulator
		{3A06E658-1B3E-4687-AED8-B6F7F6D12B61}.Debug|iPhoneSimulator.Deploy.0 = Debug|iPhoneSimulator
		{3A06E658-1B3E-4687-AED8-B6F7F6D12B61}.Release|Any CPU.ActiveCfg = Release|iPhone
		{3A06E658-1B3E-4687-AED8-B6F7F6D12B61}.Release|Any CPU.Build.0 = Release|iPhone
		{3A06E658-1B3E-4687-AED8-B6F7F6D12B61}.Release|Any CPU.Deploy.0 = Release|iPhone
		{3A06E658-1B3E-4687-AED8-B6F7F6D12B61}.Release|iPhone.ActiveCfg = Release|iPhone
		{3A06E658-1B3E-4687-AED8-B6F7F6D12B61}.Release|iPhone.Build.0 = Release|iPhone
		{3A06E658-1B3E-4687-AED8-B6F7F6D12B61}.Release|iPhone.Deploy.0 = Release|iPhone
		{3A06E658-1B3E-4687-AED8-B6F7F6D12B61}.Release|iPhoneSimulator.ActiveCfg = Release|iPhoneSimulator
		{3A06E658-1B3E-4687-AED8-B6F7F6D12B61}.Release|iPhoneSimulator.Build.0 = Release|iPhoneSimulator
		{3A06E658-1B3E-4687-AED8-B6F7F6D12B61}.Release|iPhoneSimulator.Deploy.0 = Release|iPhoneSimulator
		{43018928-E6D1-4E52-B536-E99A6CAC1C45}.Ad-Hoc|Any CPU.ActiveCfg = Debug|Any CPU
		{43018928-E6D1-4E52-B536-E99A6CAC1C45}.Ad-Hoc|Any CPU.Build.0 = Debug|Any CPU
		{43018928-E6D1-4E52-B536-E99A6CAC1C45}.Ad-Hoc|Any CPU.Deploy.0 = Debug|Any CPU
		{43018928-E6D1-4E52-B536-E99A6CAC1C45}.Ad-Hoc|iPhone.ActiveCfg = Debug|Any CPU
		{43018928-E6D1-4E52-B536-E99A6CAC1C45}.Ad-Hoc|iPhone.Build.0 = Debug|Any CPU
		{43018928-E6D1-4E52-B536-E99A6CAC1C45}.Ad-Hoc|iPhone.Deploy.0 = Debug|Any CPU
		{43018928-E6D1-4E52-B536-E99A6CAC1C45}.Ad-Hoc|iPhoneSimulator.ActiveCfg = Debug|Any CPU
		{43018928-E6D1-4E52-B536-E99A6CAC1C45}.Ad-Hoc|iPhoneSimulator.Build.0 = Debug|Any CPU
		{43018928-E6D1-4E52-B536-E99A6CAC1C45}.Ad-Hoc|iPhoneSimulator.Deploy.0 = Debug|Any CPU
		{43018928-E6D1-4E52-B536-E99A6CAC1C45}.AppStore|Any CPU.ActiveCfg = Debug|Any CPU
		{43018928-E6D1-4E52-B536-E99A6CAC1C45}.AppStore|Any CPU.Build.0 = Debug|Any CPU
		{43018928-E6D1-4E52-B536-E99A6CAC1C45}.AppStore|Any CPU.Deploy.0 = Debug|Any CPU
		{43018928-E6D1-4E52-B536-E99A6CAC1C45}.AppStore|iPhone.ActiveCfg = Debug|Any CPU
		{43018928-E6D1-4E52-B536-E99A6CAC1C45}.AppStore|iPhone.Build.0 = Debug|Any CPU
		{43018928-E6D1-4E52-B536-E99A6CAC1C45}.AppStore|iPhone.Deploy.0 = Debug|Any CPU
		{43018928-E6D1-4E52-B536-E99A6CAC1C45}.AppStore|iPhoneSimulator.ActiveCfg = Debug|Any CPU
		{43018928-E6D1-4E52-B536-E99A6CAC1C45}.AppStore|iPhoneSimulator.Build.0 = Debug|Any CPU
		{43018928-E6D1-4E52-B536-E99A6CAC1C45}.AppStore|iPhoneSimulator.Deploy.0 = Debug|Any CPU
		{43018928-E6D1-4E52-B536-E99A6CAC1C45}.Debug|Any CPU.ActiveCfg = Debug|Any CPU
		{43018928-E6D1-4E52-B536-E99A6CAC1C45}.Debug|Any CPU.Build.0 = Debug|Any CPU
		{43018928-E6D1-4E52-B536-E99A6CAC1C45}.Debug|Any CPU.Deploy.0 = Debug|Any CPU
		{43018928-E6D1-4E52-B536-E99A6CAC1C45}.Debug|iPhone.ActiveCfg = Debug|Any CPU
		{43018928-E6D1-4E52-B536-E99A6CAC1C45}.Debug|iPhone.Build.0 = Debug|Any CPU
		{43018928-E6D1-4E52-B536-E99A6CAC1C45}.Debug|iPhone.Deploy.0 = Debug|Any CPU
		{43018928-E6D1-4E52-B536-E99A6CAC1C45}.Debug|iPhoneSimulator.ActiveCfg = Debug|Any CPU
		{43018928-E6D1-4E52-B536-E99A6CAC1C45}.Debug|iPhoneSimulator.Build.0 = Debug|Any CPU
		{43018928-E6D1-4E52-B536-E99A6CAC1C45}.Debug|iPhoneSimulator.Deploy.0 = Debug|Any CPU
		{43018928-E6D1-4E52-B536-E99A6CAC1C45}.Release|Any CPU.ActiveCfg = Release|Any CPU
		{43018928-E6D1-4E52-B536-E99A6CAC1C45}.Release|Any CPU.Build.0 = Release|Any CPU
		{43018928-E6D1-4E52-B536-E99A6CAC1C45}.Release|Any CPU.Deploy.0 = Release|Any CPU
		{43018928-E6D1-4E52-B536-E99A6CAC1C45}.Release|iPhone.ActiveCfg = Release|Any CPU
		{43018928-E6D1-4E52-B536-E99A6CAC1C45}.Release|iPhone.Build.0 = Release|Any CPU
		{43018928-E6D1-4E52-B536-E99A6CAC1C45}.Release|iPhone.Deploy.0 = Release|Any CPU
		{43018928-E6D1-4E52-B536-E99A6CAC1C45}.Release|iPhoneSimulator.ActiveCfg = Release|Any CPU
		{43018928-E6D1-4E52-B536-E99A6CAC1C45}.Release|iPhoneSimulator.Build.0 = Release|Any CPU
		{43018928-E6D1-4E52-B536-E99A6CAC1C45}.Release|iPhoneSimulator.Deploy.0 = Release|Any CPU
	EndGlobalSection
	GlobalSection(SolutionProperties) = preSolution
		HideSolutionNode = FALSE
	EndGlobalSection
	GlobalSection(ExtensibilityGlobals) = postSolution
		SolutionGuid = {80405BB7-4DFE-4BBB-A90D-62D530D6CEB2}
	EndGlobalSection
EndGlobal
